// !$*UTF8*$!
{
	archiveVersion = 1;
	classes = {
	};
	objectVersion = 46;
	objects = {

/* Begin PBXBuildFile section */
		6A1E549A2F842CC200D18AF4 /* DittoProducts.storekit in Resources */ = {isa = PBXBuildFile; fileRef = 6A1E54992F842CC200D18AF4 /* DittoProducts.storekit */; };
		6A1E549B2F842CC200D18AF4 /* DittoProducts.storekit in Resources */ = {isa = PBXBuildFile; fileRef = 6A1E54992F842CC200D18AF4 /* DittoProducts.storekit */; };
		6A1E549C2F842CC200D18AF4 /* DittoProducts.storekit in Resources */ = {isa = PBXBuildFile; fileRef = 6A1E54992F842CC200D18AF4 /* DittoProducts.storekit */; };
		6A1E549D2F842CC200D18AF4 /* DittoProducts.storekit in Resources */ = {isa = PBXBuildFile; fileRef = 6A1E54992F842CC200D18AF4 /* DittoProducts.storekit */; };
		CC000001AAAA000000000001 /* SubscriptionManager.swift in Sources */ = {isa = PBXBuildFile; fileRef = CC000001AAAA000000000011 /* SubscriptionManager.swift */; };
		CC000001AAAA000000000002 /* CloudSyncManager.swift in Sources */ = {isa = PBXBuildFile; fileRef = CC000001AAAA000000000012 /* CloudSyncManager.swift */; };
		CC000001AAAA000000000003 /* SubscriptionView.swift in Sources */ = {isa = PBXBuildFile; fileRef = CC000001AAAA000000000013 /* SubscriptionView.swift */; };
		CC000001AAAA000000000004 /* LegacyDataMigrator.swift in Sources */ = {isa = PBXBuildFile; fileRef = CC000001AAAA000000000014 /* LegacyDataMigrator.swift */; };
		CC000002AAAA000000000001 /* DittoItemTests.swift in Sources */ = {isa = PBXBuildFile; fileRef = CC000002AAAA000000000011 /* DittoItemTests.swift */; };
		CC000002AAAA000000000002 /* DittoCategoryTests.swift in Sources */ = {isa = PBXBuildFile; fileRef = CC000002AAAA000000000012 /* DittoCategoryTests.swift */; };
		CC000002AAAA000000000003 /* DittoStoreTests.swift in Sources */ = {isa = PBXBuildFile; fileRef = CC000002AAAA000000000013 /* DittoStoreTests.swift */; };
		CC000002AAAA000000000004 /* PendingDittoStoreTests.swift in Sources */ = {isa = PBXBuildFile; fileRef = CC000002AAAA000000000014 /* PendingDittoStoreTests.swift */; };
		CC000002AAAA000000000005 /* SubscriptionManagerTests.swift in Sources */ = {isa = PBXBuildFile; fileRef = CC000002AAAA000000000015 /* SubscriptionManagerTests.swift */; };
		CC000002AAAA000000000006 /* CloudSyncManagerTests.swift in Sources */ = {isa = PBXBuildFile; fileRef = CC000002AAAA000000000016 /* CloudSyncManagerTests.swift */; };
		CC000002AAAA000000000007 /* LegacyDataMigratorTests.swift in Sources */ = {isa = PBXBuildFile; fileRef = CC000002AAAA000000000017 /* LegacyDataMigratorTests.swift */; };
		CC000002AAAA000000000018 /* DittoObjectTypeTests.swift in Sources */ = {isa = PBXBuildFile; fileRef = CC000002AAAA000000000021 /* DittoObjectTypeTests.swift */; };
		CC000002AAAA000000000019 /* EditTargetTests.swift in Sources */ = {isa = PBXBuildFile; fileRef = CC000002AAAA000000000022 /* EditTargetTests.swift */; };
		CC000002AAAA00000000001A /* ThemeTests.swift in Sources */ = {isa = PBXBuildFile; fileRef = CC000002AAAA000000000023 /* ThemeTests.swift */; };
		CC000002AAAA00000000001B /* DittoStoreEdgeCaseTests.swift in Sources */ = {isa = PBXBuildFile; fileRef = CC000002AAAA000000000024 /* DittoStoreEdgeCaseTests.swift */; };
		CC000002AAAA00000000001C /* PendingDittoStoreExtendedTests.swift in Sources */ = {isa = PBXBuildFile; fileRef = CC000002AAAA000000000025 /* PendingDittoStoreExtendedTests.swift */; };
		CC000002AAAA00000000001D /* SubscriptionManagerExtendedTests.swift in Sources */ = {isa = PBXBuildFile; fileRef = CC000002AAAA000000000026 /* SubscriptionManagerExtendedTests.swift */; };
		CC000002AAAA00000000001E /* CloudSyncManagerExtendedTests.swift in Sources */ = {isa = PBXBuildFile; fileRef = CC000002AAAA000000000027 /* CloudSyncManagerExtendedTests.swift */; };
		CC000002AAAA00000000001F /* DittoItemExtendedTests.swift in Sources */ = {isa = PBXBuildFile; fileRef = CC000002AAAA000000000028 /* DittoItemExtendedTests.swift */; };
		CC000002AAAA000000000020 /* DittoCategoryExtendedTests.swift in Sources */ = {isa = PBXBuildFile; fileRef = CC000002AAAA000000000029 /* DittoCategoryExtendedTests.swift */; };
		DD000001AAAA000000000003 /* DittoUITests.swift in Sources */ = {isa = PBXBuildFile; fileRef = DD000001AAAA000000000002 /* DittoUITests.swift */; };
		E80587AF1B8865C80035B80B /* Profile.swift in Sources */ = {isa = PBXBuildFile; fileRef = E80587AE1B8865C80035B80B /* Profile.swift */; };
		E80587B01B8865C80035B80B /* Profile.swift in Sources */ = {isa = PBXBuildFile; fileRef = E80587AE1B8865C80035B80B /* Profile.swift */; };
		E80587B21B8EFE060035B80B /* PendingDittoStore.swift in Sources */ = {isa = PBXBuildFile; fileRef = E80587B11B8EFE060035B80B /* PendingDittoStore.swift */; };
		E80587B31B8EFE060035B80B /* PendingDittoStore.swift in Sources */ = {isa = PBXBuildFile; fileRef = E80587B11B8EFE060035B80B /* PendingDittoStore.swift */; };
		E84DB89F1B37BEEA004A75CC /* AddDittoFromClipboardViewController.swift in Sources */ = {isa = PBXBuildFile; fileRef = E84DB89E1B37BEEA004A75CC /* AddDittoFromClipboardViewController.swift */; };
		FA237AB719F9CAB0007E67D5 /* Theme.swift in Sources */ = {isa = PBXBuildFile; fileRef = FA237AB619F9CAB0007E67D5 /* Theme.swift */; };
		FA2ECD1119F8C207006B413E /* EditItemView.swift in Sources */ = {isa = PBXBuildFile; fileRef = FA2ECD1019F8C207006B413E /* EditItemView.swift */; };
		FA70EAB119F5A49D00960EE2 /* DittoApp.swift in Sources */ = {isa = PBXBuildFile; fileRef = FA70EAB019F5A49D00960EE2 /* DittoApp.swift */; };
		FA70EAB319F5A49D00960EE2 /* DittoListView.swift in Sources */ = {isa = PBXBuildFile; fileRef = FA70EAB219F5A49D00960EE2 /* DittoListView.swift */; };
		FA70EAB819F5A49D00960EE2 /* Images.xcassets in Resources */ = {isa = PBXBuildFile; fileRef = FA70EAB719F5A49D00960EE2 /* Images.xcassets */; };
		FA70EAD919F5A56300960EE2 /* KeyboardViewController.swift in Sources */ = {isa = PBXBuildFile; fileRef = FA70EAD819F5A56300960EE2 /* KeyboardViewController.swift */; };
		FA70EAE419F5A7BC00960EE2 /* KeyboardViewController.xib in Resources */ = {isa = PBXBuildFile; fileRef = FA70EAE319F5A7BC00960EE2 /* KeyboardViewController.xib */; };
		FA70EAEA19F5C17700960EE2 /* Images.xcassets in Resources */ = {isa = PBXBuildFile; fileRef = FA70EAE919F5C17700960EE2 /* Images.xcassets */; };
		FA83FA951A01FFD80061192A /* DittoStore.swift in Sources */ = {isa = PBXBuildFile; fileRef = FAFCAE7119F90BA6000F0318 /* DittoStore.swift */; };
		FAAE729C1B47559200F3696E /* CategorySelectionField.swift in Sources */ = {isa = PBXBuildFile; fileRef = FAAE729B1B47559200F3696E /* CategorySelectionField.swift */; };
		FAAE729E1B47874B00F3696E /* DittoObjectType.swift in Sources */ = {isa = PBXBuildFile; fileRef = FAAE729D1B47874B00F3696E /* DittoObjectType.swift */; };
		FABFBD321B49ECCD004BF2F9 /* CategoryHeaderView.swift in Sources */ = {isa = PBXBuildFile; fileRef = FABFBD311B49ECCD004BF2F9 /* CategoryHeaderView.swift */; };
		FABFBD361B4A140F004BF2F9 /* DittoRowView.swift in Sources */ = {isa = PBXBuildFile; fileRef = FABFBD351B4A140F004BF2F9 /* DittoRowView.swift */; };
		FAC467A51A01D37E006B8088 /* DittoKeyboard.appex in Embed App Extensions */ = {isa = PBXBuildFile; fileRef = FA70EAD419F5A56300960EE2 /* DittoKeyboard.appex */; settings = {ATTRIBUTES = (RemoveHeadersOnCopy, ); }; };
		FAD4545C1A1EC16900D825EC /* KeyboardAccessoryBar.swift in Sources */ = {isa = PBXBuildFile; fileRef = FAD4545B1A1EC16900D825EC /* KeyboardAccessoryBar.swift */; };
		FAD4545E1A1ECF6400D825EC /* DarkKeyboardButton.swift in Sources */ = {isa = PBXBuildFile; fileRef = FAD4545D1A1ECF6400D825EC /* DarkKeyboardButton.swift */; };
		FAD454601A1ED40500D825EC /* LightKeyboardButton.swift in Sources */ = {isa = PBXBuildFile; fileRef = FAD4545F1A1ED40500D825EC /* LightKeyboardButton.swift */; };
		FAD454621A1EE04800D825EC /* DelayedRepeatTimer.swift in Sources */ = {isa = PBXBuildFile; fileRef = FAD454611A1EE04800D825EC /* DelayedRepeatTimer.swift */; };
		FAFCAE7219F90BA6000F0318 /* DittoStore.swift in Sources */ = {isa = PBXBuildFile; fileRef = FAFCAE7119F90BA6000F0318 /* DittoStore.swift */; };
		FAFCAE7419F98CF7000F0318 /* NewItemView.swift in Sources */ = {isa = PBXBuildFile; fileRef = FAFCAE7319F98CF7000F0318 /* NewItemView.swift */; };
		FAFD8AC81B685182000B2364 /* Ditto.xcdatamodeld in Resources */ = {isa = PBXBuildFile; fileRef = E82B6DFE1B5E120C00FDCE3A /* Ditto.xcdatamodeld */; };
		FAFD8ACA1B6856FA000B2364 /* DittoCategory.swift in Sources */ = {isa = PBXBuildFile; fileRef = FAFD8AC91B6856FA000B2364 /* DittoCategory.swift */; };
		FAFD8ACB1B6856FA000B2364 /* DittoCategory.swift in Sources */ = {isa = PBXBuildFile; fileRef = FAFD8AC91B6856FA000B2364 /* DittoCategory.swift */; };
		FAFD8ACD1B6856FA000B2364 /* DittoItem.swift in Sources */ = {isa = PBXBuildFile; fileRef = FAFD8ACC1B6856FA000B2364 /* DittoItem.swift */; };
		FAFD8ACE1B6856FA000B2364 /* DittoItem.swift in Sources */ = {isa = PBXBuildFile; fileRef = FAFD8ACC1B6856FA000B2364 /* DittoItem.swift */; };
		CC000001AAAA000000000016 /* DittoImportExport.swift in Sources */ = {isa = PBXBuildFile; fileRef = CC000001AAAA000000000019 /* DittoImportExport.swift */; };
		CC000001AAAA00000000001A /* Localizable.xcstrings in Resources */ = {isa = PBXBuildFile; fileRef = CC000001AAAA00000000001B /* Localizable.xcstrings */; };
		CC000001AAAA00000000001C /* SyncSettings.swift in Sources */ = {isa = PBXBuildFile; fileRef = CC000001AAAA00000000001D /* SyncSettings.swift */; };
		CC000001AAAA00000000001E /* SyncConflictResolver.swift in Sources */ = {isa = PBXBuildFile; fileRef = CC000001AAAA00000000001F /* SyncConflictResolver.swift */; };
		CC000001AAAA000000000020 /* SyncSettingsView.swift in Sources */ = {isa = PBXBuildFile; fileRef = CC000001AAAA000000000021 /* SyncSettingsView.swift */; };
		CC000001AAAA000000000022 /* KeyboardSetupView.swift in Sources */ = {isa = PBXBuildFile; fileRef = CC000001AAAA000000000023 /* KeyboardSetupView.swift */; };
		CC000002AAAA000000000030 /* SyncConflictResolverTests.swift in Sources */ = {isa = PBXBuildFile; fileRef = CC000002AAAA000000000031 /* SyncConflictResolverTests.swift */; };
/* End PBXBuildFile section */

/* Begin PBXContainerItemProxy section */
		CC000003AAAA000000000001 /* PBXContainerItemProxy */ = {
			isa = PBXContainerItemProxy;
			containerPortal = FA70EAA319F5A49D00960EE2 /* Project object */;
			proxyType = 1;
			remoteGlobalIDString = FA70EAAA19F5A49D00960EE2;
			remoteInfo = Ditto;
		};
		DD000002AAAA000000000006 /* PBXContainerItemProxy */ = {
			isa = PBXContainerItemProxy;
			containerPortal = FA70EAA319F5A49D00960EE2 /* Project object */;
			proxyType = 1;
			remoteGlobalIDString = FA70EAAA19F5A49D00960EE2;
			remoteInfo = Ditto;
		};
		FAC467A61A01D387006B8088 /* PBXContainerItemProxy */ = {
			isa = PBXContainerItemProxy;
			containerPortal = FA70EAA319F5A49D00960EE2 /* Project object */;
			proxyType = 1;
			remoteGlobalIDString = FA70EAD319F5A56300960EE2;
			remoteInfo = DittoKeyboard;
		};
/* End PBXContainerItemProxy section */

/* Begin PBXCopyFilesBuildPhase section */
		FAC467A41A01D365006B8088 /* Embed App Extensions */ = {
			isa = PBXCopyFilesBuildPhase;
			buildActionMask = 2147483647;
			dstPath = "";
			dstSubfolderSpec = 13;
			files = (
				FAC467A51A01D37E006B8088 /* DittoKeyboard.appex in Embed App Extensions */,
			);
			name = "Embed App Extensions";
			runOnlyForDeploymentPostprocessing = 0;
		};
/* End PBXCopyFilesBuildPhase section */

/* Begin PBXFileReference section */
		6A1E54992F842CC200D18AF4 /* DittoProducts.storekit */ = {isa = PBXFileReference; lastKnownFileType = text; path = DittoProducts.storekit; sourceTree = "<group>"; };
		CC000001AAAA000000000011 /* SubscriptionManager.swift */ = {isa = PBXFileReference; lastKnownFileType = sourcecode.swift; path = SubscriptionManager.swift; sourceTree = "<group>"; };
		CC000001AAAA000000000012 /* CloudSyncManager.swift */ = {isa = PBXFileReference; lastKnownFileType = sourcecode.swift; path = CloudSyncManager.swift; sourceTree = "<group>"; };
		CC000001AAAA000000000013 /* SubscriptionView.swift */ = {isa = PBXFileReference; lastKnownFileType = sourcecode.swift; path = SubscriptionView.swift; sourceTree = "<group>"; };
		CC000001AAAA000000000014 /* LegacyDataMigrator.swift */ = {isa = PBXFileReference; lastKnownFileType = sourcecode.swift; path = LegacyDataMigrator.swift; sourceTree = "<group>"; };
		CC000002AAAA000000000011 /* DittoItemTests.swift */ = {isa = PBXFileReference; lastKnownFileType = sourcecode.swift; path = DittoItemTests.swift; sourceTree = "<group>"; };
		CC000002AAAA000000000012 /* DittoCategoryTests.swift */ = {isa = PBXFileReference; lastKnownFileType = sourcecode.swift; path = DittoCategoryTests.swift; sourceTree = "<group>"; };
		CC000002AAAA000000000013 /* DittoStoreTests.swift */ = {isa = PBXFileReference; lastKnownFileType = sourcecode.swift; path = DittoStoreTests.swift; sourceTree = "<group>"; };
		CC000002AAAA000000000014 /* PendingDittoStoreTests.swift */ = {isa = PBXFileReference; lastKnownFileType = sourcecode.swift; path = PendingDittoStoreTests.swift; sourceTree = "<group>"; };
		CC000002AAAA000000000015 /* SubscriptionManagerTests.swift */ = {isa = PBXFileReference; lastKnownFileType = sourcecode.swift; path = SubscriptionManagerTests.swift; sourceTree = "<group>"; };
		CC000002AAAA000000000016 /* CloudSyncManagerTests.swift */ = {isa = PBXFileReference; lastKnownFileType = sourcecode.swift; path = CloudSyncManagerTests.swift; sourceTree = "<group>"; };
		CC000002AAAA000000000017 /* LegacyDataMigratorTests.swift */ = {isa = PBXFileReference; lastKnownFileType = sourcecode.swift; path = LegacyDataMigratorTests.swift; sourceTree = "<group>"; };
		CC000002AAAA000000000021 /* DittoObjectTypeTests.swift */ = {isa = PBXFileReference; lastKnownFileType = sourcecode.swift; path = DittoObjectTypeTests.swift; sourceTree = "<group>"; };
		CC000002AAAA000000000022 /* EditTargetTests.swift */ = {isa = PBXFileReference; lastKnownFileType = sourcecode.swift; path = EditTargetTests.swift; sourceTree = "<group>"; };
		CC000002AAAA000000000023 /* ThemeTests.swift */ = {isa = PBXFileReference; lastKnownFileType = sourcecode.swift; path = ThemeTests.swift; sourceTree = "<group>"; };
		CC000002AAAA000000000024 /* DittoStoreEdgeCaseTests.swift */ = {isa = PBXFileReference; lastKnownFileType = sourcecode.swift; path = DittoStoreEdgeCaseTests.swift; sourceTree = "<group>"; };
		CC000002AAAA000000000025 /* PendingDittoStoreExtendedTests.swift */ = {isa = PBXFileReference; lastKnownFileType = sourcecode.swift; path = PendingDittoStoreExtendedTests.swift; sourceTree = "<group>"; };
		CC000002AAAA000000000026 /* SubscriptionManagerExtendedTests.swift */ = {isa = PBXFileReference; lastKnownFileType = sourcecode.swift; path = SubscriptionManagerExtendedTests.swift; sourceTree = "<group>"; };
		CC000002AAAA000000000027 /* CloudSyncManagerExtendedTests.swift */ = {isa = PBXFileReference; lastKnownFileType = sourcecode.swift; path = CloudSyncManagerExtendedTests.swift; sourceTree = "<group>"; };
		CC000002AAAA000000000028 /* DittoItemExtendedTests.swift */ = {isa = PBXFileReference; lastKnownFileType = sourcecode.swift; path = DittoItemExtendedTests.swift; sourceTree = "<group>"; };
		CC000002AAAA000000000029 /* DittoCategoryExtendedTests.swift */ = {isa = PBXFileReference; lastKnownFileType = sourcecode.swift; path = DittoCategoryExtendedTests.swift; sourceTree = "<group>"; };
		CC000004AAAA000000000001 /* DittoTests.xctest */ = {isa = PBXFileReference; explicitFileType = wrapper.cfbundle; includeInIndex = 0; path = DittoTests.xctest; sourceTree = BUILT_PRODUCTS_DIR; };
		DD000001AAAA000000000001 /* DittoUITests.xctest */ = {isa = PBXFileReference; explicitFileType = wrapper.cfbundle; includeInIndex = 0; path = DittoUITests.xctest; sourceTree = BUILT_PRODUCTS_DIR; };
		DD000001AAAA000000000002 /* DittoUITests.swift */ = {isa = PBXFileReference; lastKnownFileType = sourcecode.swift; path = DittoUITests.swift; sourceTree = "<group>"; };
		E80587AE1B8865C80035B80B /* Profile.swift */ = {isa = PBXFileReference; fileEncoding = 4; lastKnownFileType = sourcecode.swift; name = Profile.swift; path = Ditto/Profile.swift; sourceTree = "<group>"; };
		E80587B11B8EFE060035B80B /* PendingDittoStore.swift */ = {isa = PBXFileReference; fileEncoding = 4; lastKnownFileType = sourcecode.swift; name = PendingDittoStore.swift; path = Ditto/PendingDittoStore.swift; sourceTree = "<group>"; };
		E82B6DFF1B5E120C00FDCE3A /* Ditto.xcdatamodel */ = {isa = PBXFileReference; lastKnownFileType = wrapper.xcdatamodel; path = Ditto.xcdatamodel; sourceTree = "<group>"; };
		E84DB89E1B37BEEA004A75CC /* AddDittoFromClipboardViewController.swift */ = {isa = PBXFileReference; fileEncoding = 4; lastKnownFileType = sourcecode.swift; path = AddDittoFromClipboardViewController.swift; sourceTree = "<group>"; };
		FA237AB619F9CAB0007E67D5 /* Theme.swift */ = {isa = PBXFileReference; fileEncoding = 4; lastKnownFileType = sourcecode.swift; path = Theme.swift; sourceTree = "<group>"; };
		FA2ECD1019F8C207006B413E /* EditItemView.swift */ = {isa = PBXFileReference; fileEncoding = 4; lastKnownFileType = sourcecode.swift; path = EditItemView.swift; sourceTree = "<group>"; };
		FA70EAAB19F5A49D00960EE2 /* Ditto.app */ = {isa = PBXFileReference; explicitFileType = wrapper.application; includeInIndex = 0; path = Ditto.app; sourceTree = BUILT_PRODUCTS_DIR; };
		FA70EAAF19F5A49D00960EE2 /* Info.plist */ = {isa = PBXFileReference; lastKnownFileType = text.plist.xml; path = Info.plist; sourceTree = "<group>"; };
		FA70EAB019F5A49D00960EE2 /* DittoApp.swift */ = {isa = PBXFileReference; lastKnownFileType = sourcecode.swift; path = DittoApp.swift; sourceTree = "<group>"; wrapsLines = 0; };
		FA70EAB219F5A49D00960EE2 /* DittoListView.swift */ = {isa = PBXFileReference; lastKnownFileType = sourcecode.swift; path = DittoListView.swift; sourceTree = "<group>"; };
		FA70EAB719F5A49D00960EE2 /* Images.xcassets */ = {isa = PBXFileReference; lastKnownFileType = folder.assetcatalog; path = Images.xcassets; sourceTree = "<group>"; };
		FA70EAD419F5A56300960EE2 /* DittoKeyboard.appex */ = {isa = PBXFileReference; explicitFileType = "wrapper.app-extension"; includeInIndex = 0; path = DittoKeyboard.appex; sourceTree = BUILT_PRODUCTS_DIR; };
		FA70EAD719F5A56300960EE2 /* Info.plist */ = {isa = PBXFileReference; lastKnownFileType = text.plist.xml; path = Info.plist; sourceTree = "<group>"; };
		FA70EAD819F5A56300960EE2 /* KeyboardViewController.swift */ = {isa = PBXFileReference; lastKnownFileType = sourcecode.swift; path = KeyboardViewController.swift; sourceTree = "<group>"; };
		FA70EAE319F5A7BC00960EE2 /* KeyboardViewController.xib */ = {isa = PBXFileReference; fileEncoding = 4; lastKnownFileType = file.xib; path = KeyboardViewController.xib; sourceTree = "<group>"; };
		FA70EAE919F5C17700960EE2 /* Images.xcassets */ = {isa = PBXFileReference; lastKnownFileType = folder.assetcatalog; path = Images.xcassets; sourceTree = "<group>"; };
		FA83FA931A01ED5D0061192A /* Ditto.entitlements */ = {isa = PBXFileReference; lastKnownFileType = text.xml; path = Ditto.entitlements; sourceTree = "<group>"; };
		FA83FA941A01ED7F0061192A /* DittoKeyboard.entitlements */ = {isa = PBXFileReference; lastKnownFileType = text.xml; path = DittoKeyboard.entitlements; sourceTree = "<group>"; };
		FAAE729B1B47559200F3696E /* CategorySelectionField.swift */ = {isa = PBXFileReference; fileEncoding = 4; lastKnownFileType = sourcecode.swift; path = CategorySelectionField.swift; sourceTree = "<group>"; };
		FAAE729D1B47874B00F3696E /* DittoObjectType.swift */ = {isa = PBXFileReference; fileEncoding = 4; lastKnownFileType = sourcecode.swift; path = DittoObjectType.swift; sourceTree = "<group>"; };
		FABFBD311B49ECCD004BF2F9 /* CategoryHeaderView.swift */ = {isa = PBXFileReference; fileEncoding = 4; lastKnownFileType = sourcecode.swift; path = CategoryHeaderView.swift; sourceTree = "<group>"; };
		FABFBD351B4A140F004BF2F9 /* DittoRowView.swift */ = {isa = PBXFileReference; fileEncoding = 4; lastKnownFileType = sourcecode.swift; path = DittoRowView.swift; sourceTree = "<group>"; };
		FAD4545B1A1EC16900D825EC /* KeyboardAccessoryBar.swift */ = {isa = PBXFileReference; fileEncoding = 4; lastKnownFileType = sourcecode.swift; path = KeyboardAccessoryBar.swift; sourceTree = "<group>"; };
		FAD4545D1A1ECF6400D825EC /* DarkKeyboardButton.swift */ = {isa = PBXFileReference; fileEncoding = 4; lastKnownFileType = sourcecode.swift; path = DarkKeyboardButton.swift; sourceTree = "<group>"; };
		FAD4545F1A1ED40500D825EC /* LightKeyboardButton.swift */ = {isa = PBXFileReference; fileEncoding = 4; lastKnownFileType = sourcecode.swift; path = LightKeyboardButton.swift; sourceTree = "<group>"; };
		FAD454611A1EE04800D825EC /* DelayedRepeatTimer.swift */ = {isa = PBXFileReference; fileEncoding = 4; lastKnownFileType = sourcecode.swift; path = DelayedRepeatTimer.swift; sourceTree = "<group>"; };
		FAFCAE7119F90BA6000F0318 /* DittoStore.swift */ = {isa = PBXFileReference; fileEncoding = 4; lastKnownFileType = sourcecode.swift; name = DittoStore.swift; path = Ditto/DittoStore.swift; sourceTree = "<group>"; };
		FAFCAE7319F98CF7000F0318 /* NewItemView.swift */ = {isa = PBXFileReference; fileEncoding = 4; lastKnownFileType = sourcecode.swift; path = NewItemView.swift; sourceTree = "<group>"; };
		FAFD8AC91B6856FA000B2364 /* DittoCategory.swift */ = {isa = PBXFileReference; fileEncoding = 4; lastKnownFileType = sourcecode.swift; name = DittoCategory.swift; path = Ditto/DittoCategory.swift; sourceTree = "<group>"; };
		FAFD8ACC1B6856FA000B2364 /* DittoItem.swift */ = {isa = PBXFileReference; fileEncoding = 4; lastKnownFileType = sourcecode.swift; name = DittoItem.swift; path = Ditto/DittoItem.swift; sourceTree = "<group>"; };
		CC000001AAAA000000000019 /* DittoImportExport.swift */ = {isa = PBXFileReference; lastKnownFileType = sourcecode.swift; path = DittoImportExport.swift; sourceTree = "<group>"; };
		CC000001AAAA00000000001B /* Localizable.xcstrings */ = {isa = PBXFileReference; lastKnownFileType = text.json.xcstrings; path = Localizable.xcstrings; sourceTree = "<group>"; };
		CC000001AAAA00000000001D /* SyncSettings.swift */ = {isa = PBXFileReference; lastKnownFileType = sourcecode.swift; path = SyncSettings.swift; sourceTree = "<group>"; };
		CC000001AAAA00000000001F /* SyncConflictResolver.swift */ = {isa = PBXFileReference; lastKnownFileType = sourcecode.swift; path = SyncConflictResolver.swift; sourceTree = "<group>"; };
		CC000001AAAA000000000021 /* SyncSettingsView.swift */ = {isa = PBXFileReference; lastKnownFileType = sourcecode.swift; path = SyncSettingsView.swift; sourceTree = "<group>"; };
		CC000001AAAA000000000023 /* KeyboardSetupView.swift */ = {isa = PBXFileReference; lastKnownFileType = sourcecode.swift; path = KeyboardSetupView.swift; sourceTree = "<group>"; };
		CC000002AAAA000000000031 /* SyncConflictResolverTests.swift */ = {isa = PBXFileReference; lastKnownFileType = sourcecode.swift; path = SyncConflictResolverTests.swift; sourceTree = "<group>"; };
/* End PBXFileReference section */

/* Begin PBXFrameworksBuildPhase section */
		CC000006AAAA000000000003 /* Frameworks */ = {
			isa = PBXFrameworksBuildPhase;
			buildActionMask = 2147483647;
			files = (
			);
			runOnlyForDeploymentPostprocessing = 0;
		};
		DD000002AAAA000000000003 /* Frameworks */ = {
			isa = PBXFrameworksBuildPhase;
			buildActionMask = 2147483647;
			files = (
			);
			runOnlyForDeploymentPostprocessing = 0;
		};
		FA70EAA819F5A49D00960EE2 /* Frameworks */ = {
			isa = PBXFrameworksBuildPhase;
			buildActionMask = 2147483647;
			files = (
			);
			runOnlyForDeploymentPostprocessing = 0;
		};
		FA70EAD119F5A56300960EE2 /* Frameworks */ = {
			isa = PBXFrameworksBuildPhase;
			buildActionMask = 2147483647;
			files = (
			);
			runOnlyForDeploymentPostprocessing = 0;
		};
/* End PBXFrameworksBuildPhase section */

/* Begin PBXGroup section */
		6A1E54892F842AF600D18AF4 /* Recovered References */ = {
			isa = PBXGroup;
			children = (
				E82B6DFE1B5E120C00FDCE3A /* Ditto.xcdatamodeld */,
			);
			name = "Recovered References";
			sourceTree = "<group>";
		};
		CC000005AAAA000000000001 /* DittoTests */ = {
			isa = PBXGroup;
			children = (
				CC000002AAAA000000000011 /* DittoItemTests.swift */,
				CC000002AAAA000000000012 /* DittoCategoryTests.swift */,
				CC000002AAAA000000000013 /* DittoStoreTests.swift */,
				CC000002AAAA000000000014 /* PendingDittoStoreTests.swift */,
				CC000002AAAA000000000015 /* SubscriptionManagerTests.swift */,
				CC000002AAAA000000000016 /* CloudSyncManagerTests.swift */,
				CC000002AAAA000000000017 /* LegacyDataMigratorTests.swift */,
				CC000002AAAA000000000029 /* DittoCategoryExtendedTests.swift */,
				CC000002AAAA000000000028 /* DittoItemExtendedTests.swift */,
				CC000002AAAA000000000027 /* CloudSyncManagerExtendedTests.swift */,
				CC000002AAAA000000000026 /* SubscriptionManagerExtendedTests.swift */,
				CC000002AAAA000000000025 /* PendingDittoStoreExtendedTests.swift */,
				CC000002AAAA000000000024 /* DittoStoreEdgeCaseTests.swift */,
				CC000002AAAA000000000023 /* ThemeTests.swift */,
				CC000002AAAA000000000022 /* EditTargetTests.swift */,
				CC000002AAAA000000000021 /* DittoObjectTypeTests.swift */,
				CC000002AAAA000000000031 /* SyncConflictResolverTests.swift */,
			);
			path = DittoTests;
			sourceTree = "<group>";
		};
		DD000004AAAA000000000001 /* DittoUITests */ = {
			isa = PBXGroup;
			children = (
				DD000001AAAA000000000002 /* DittoUITests.swift */,
			);
			path = DittoUITests;
			sourceTree = "<group>";
		};
		FA237AB519F9C70F007E67D5 /* View Controllers */ = {
			isa = PBXGroup;
			children = (
				FA70EAB219F5A49D00960EE2 /* DittoListView.swift */,
				FA2ECD1019F8C207006B413E /* EditItemView.swift */,
				FAFCAE7319F98CF7000F0318 /* NewItemView.swift */,
			);
			name = "View Controllers";
			sourceTree = "<group>";
		};
		FA70EAA219F5A49D00960EE2 = {
			isa = PBXGroup;
			children = (
				FAFD8ACF1B68571D000B2364 /* Data */,
				FA70EAAD19F5A49D00960EE2 /* Ditto */,
				FA70EAD519F5A56300960EE2 /* DittoKeyboard */,
				CC000005AAAA000000000001 /* DittoTests */,
				DD000004AAAA000000000001 /* DittoUITests */,
				FA70EAAC19F5A49D00960EE2 /* Products */,
				6A1E54892F842AF600D18AF4 /* Recovered References */,
			);
			sourceTree = "<group>";
		};
		FA70EAAC19F5A49D00960EE2 /* Products */ = {
			isa = PBXGroup;
			children = (
				FA70EAAB19F5A49D00960EE2 /* Ditto.app */,
				FA70EAD419F5A56300960EE2 /* DittoKeyboard.appex */,
				DD000001AAAA000000000001 /* DittoUITests.xctest */,
				CC000004AAAA000000000001 /* DittoTests.xctest */,
			);
			name = Products;
			sourceTree = "<group>";
		};
		FA70EAAD19F5A49D00960EE2 /* Ditto */ = {
			isa = PBXGroup;
			children = (
				FA83FA931A01ED5D0061192A /* Ditto.entitlements */,
				FA70EAB019F5A49D00960EE2 /* DittoApp.swift */,
				FAD4545B1A1EC16900D825EC /* KeyboardAccessoryBar.swift */,
				FAAE729B1B47559200F3696E /* CategorySelectionField.swift */,
				FA237AB619F9CAB0007E67D5 /* Theme.swift */,
				FAAE729D1B47874B00F3696E /* DittoObjectType.swift */,
				FABFBD311B49ECCD004BF2F9 /* CategoryHeaderView.swift */,
				FABFBD351B4A140F004BF2F9 /* DittoRowView.swift */,
				CC000001AAAA000000000011 /* SubscriptionManager.swift */,
				CC000001AAAA000000000012 /* CloudSyncManager.swift */,
				CC000001AAAA000000000013 /* SubscriptionView.swift */,
				CC000001AAAA000000000014 /* LegacyDataMigrator.swift */,
				CC000001AAAA000000000019 /* DittoImportExport.swift */,
				CC000001AAAA00000000001B /* Localizable.xcstrings */,
				CC000001AAAA00000000001D /* SyncSettings.swift */,
				CC000001AAAA00000000001F /* SyncConflictResolver.swift */,
				CC000001AAAA000000000021 /* SyncSettingsView.swift */,
				CC000001AAAA000000000023 /* KeyboardSetupView.swift */,

				6A1E54992F842CC200D18AF4 /* DittoProducts.storekit */,
				FA237AB519F9C70F007E67D5 /* View Controllers */,
				FA70EAB719F5A49D00960EE2 /* Images.xcassets */,
				FA70EAAE19F5A49D00960EE2 /* Supporting Files */,
			);
			path = Ditto;
			sourceTree = "<group>";
		};
		FA70EAAE19F5A49D00960EE2 /* Supporting Files */ = {
			isa = PBXGroup;
			children = (
				FA70EAAF19F5A49D00960EE2 /* Info.plist */,
			);
			name = "Supporting Files";
			sourceTree = "<group>";
		};
		FA70EAD519F5A56300960EE2 /* DittoKeyboard */ = {
			isa = PBXGroup;
			children = (
				FA83FA941A01ED7F0061192A /* DittoKeyboard.entitlements */,
				FA70EAE919F5C17700960EE2 /* Images.xcassets */,
				FA70EAE319F5A7BC00960EE2 /* KeyboardViewController.xib */,
				FA70EAD819F5A56300960EE2 /* KeyboardViewController.swift */,
				E84DB89E1B37BEEA004A75CC /* AddDittoFromClipboardViewController.swift */,
				FAD454611A1EE04800D825EC /* DelayedRepeatTimer.swift */,
				FAD4545D1A1ECF6400D825EC /* DarkKeyboardButton.swift */,
				FAD4545F1A1ED40500D825EC /* LightKeyboardButton.swift */,
				FA70EAD619F5A56300960EE2 /* Supporting Files */,
			);
			path = DittoKeyboard;
			sourceTree = "<group>";
		};
		FA70EAD619F5A56300960EE2 /* Supporting Files */ = {
			isa = PBXGroup;
			children = (
				FA70EAD719F5A56300960EE2 /* Info.plist */,
			);
			name = "Supporting Files";
			sourceTree = "<group>";
		};
		FAFD8ACF1B68571D000B2364 /* Data */ = {
			isa = PBXGroup;
			children = (
				E80587AE1B8865C80035B80B /* Profile.swift */,
				FAFD8ACC1B6856FA000B2364 /* DittoItem.swift */,
				FAFD8AC91B6856FA000B2364 /* DittoCategory.swift */,
				FAFCAE7119F90BA6000F0318 /* DittoStore.swift */,
				E80587B11B8EFE060035B80B /* PendingDittoStore.swift */,
			);
			name = Data;
			sourceTree = "<group>";
		};
/* End PBXGroup section */

/* Begin PBXNativeTarget section */
		CC000006AAAA000000000001 /* DittoTests */ = {
			isa = PBXNativeTarget;
			buildConfigurationList = CC000007AAAA000000000001 /* Build configuration list for PBXNativeTarget "DittoTests" */;
			buildPhases = (
				CC000006AAAA000000000002 /* Sources */,
				CC000006AAAA000000000003 /* Frameworks */,
				CC000006AAAA000000000004 /* Resources */,
			);
			buildRules = (
			);
			dependencies = (
				CC000006AAAA000000000005 /* PBXTargetDependency */,
			);
			name = DittoTests;
			productName = DittoTests;
			productReference = CC000004AAAA000000000001 /* DittoTests.xctest */;
			productType = "com.apple.product-type.bundle.unit-test";
		};
		DD000002AAAA000000000001 /* DittoUITests */ = {
			isa = PBXNativeTarget;
			buildConfigurationList = DD000003AAAA000000000001 /* Build configuration list for PBXNativeTarget "DittoUITests" */;
			buildPhases = (
				DD000002AAAA000000000002 /* Sources */,
				DD000002AAAA000000000003 /* Frameworks */,
				DD000002AAAA000000000004 /* Resources */,
			);
			buildRules = (
			);
			dependencies = (
				DD000002AAAA000000000005 /* PBXTargetDependency */,
			);
			name = DittoUITests;
			productName = DittoUITests;
			productReference = DD000001AAAA000000000001 /* DittoUITests.xctest */;
			productType = "com.apple.product-type.bundle.ui-testing";
		};
		FA70EAAA19F5A49D00960EE2 /* Ditto */ = {
			isa = PBXNativeTarget;
			buildConfigurationList = FA70EACA19F5A49D00960EE2 /* Build configuration list for PBXNativeTarget "Ditto" */;
			buildPhases = (
				FA70EAA719F5A49D00960EE2 /* Sources */,
				FA70EAA819F5A49D00960EE2 /* Frameworks */,
				FA70EAA919F5A49D00960EE2 /* Resources */,
				FAC467A41A01D365006B8088 /* Embed App Extensions */,
			);
			buildRules = (
			);
			dependencies = (
				FAC467A71A01D387006B8088 /* PBXTargetDependency */,
			);
			name = Ditto;
			productName = Tempo;
			productReference = FA70EAAB19F5A49D00960EE2 /* Ditto.app */;
			productType = "com.apple.product-type.application";
		};
		FA70EAD319F5A56300960EE2 /* DittoKeyboard */ = {
			isa = PBXNativeTarget;
			buildConfigurationList = FA70EADF19F5A56300960EE2 /* Build configuration list for PBXNativeTarget "DittoKeyboard" */;
			buildPhases = (
				FA70EAD019F5A56300960EE2 /* Sources */,
				FA70EAD119F5A56300960EE2 /* Frameworks */,
				FA70EAD219F5A56300960EE2 /* Resources */,
			);
			buildRules = (
			);
			dependencies = (
			);
			name = DittoKeyboard;
			productName = TempoKeyboard;
			productReference = FA70EAD419F5A56300960EE2 /* DittoKeyboard.appex */;
			productType = "com.apple.product-type.app-extension";
		};
/* End PBXNativeTarget section */

/* Begin PBXProject section */
		FA70EAA319F5A49D00960EE2 /* Project object */ = {
			isa = PBXProject;
			attributes = {
				LastSwiftMigration = 1600;
				LastSwiftUpdateCheck = 1600;
				LastUpgradeCheck = 1600;
				TargetAttributes = {
					FA70EAAA19F5A49D00960EE2 = {
						CreatedOnToolsVersion = 6.0.1;
						DevelopmentTeam = G8DHPYJA37;
						SystemCapabilities = {
							com.apple.ApplicationGroups.iOS = {
								enabled = 1;
							};
						};
					};
					FA70EAD319F5A56300960EE2 = {
						CreatedOnToolsVersion = 6.0.1;
						DevelopmentTeam = G8DHPYJA37;
						SystemCapabilities = {
							com.apple.ApplicationGroups.iOS = {
								enabled = 1;
							};
						};
					};
				};
			};
			buildConfigurationList = FA70EAA619F5A49D00960EE2 /* Build configuration list for PBXProject "Ditto" */;
			compatibilityVersion = "Xcode 3.2";
			developmentRegion = English;
			hasScannedForEncodings = 0;
			knownRegions = (
				English,
				en,
				Base,
			);
			mainGroup = FA70EAA219F5A49D00960EE2;
			productRefGroup = FA70EAAC19F5A49D00960EE2 /* Products */;
			projectDirPath = "";
			projectRoot = "";
			targets = (
				FA70EAAA19F5A49D00960EE2 /* Ditto */,
				FA70EAD319F5A56300960EE2 /* DittoKeyboard */,
				CC000006AAAA000000000001 /* DittoTests */,
				DD000002AAAA000000000001 /* DittoUITests */,
			);
		};
/* End PBXProject section */

/* Begin PBXResourcesBuildPhase section */
		CC000006AAAA000000000004 /* Resources */ = {
			isa = PBXResourcesBuildPhase;
			buildActionMask = 2147483647;
			files = (
				6A1E549C2F842CC200D18AF4 /* DittoProducts.storekit in Resources */,
			);
			runOnlyForDeploymentPostprocessing = 0;
		};
		DD000002AAAA000000000004 /* Resources */ = {
			isa = PBXResourcesBuildPhase;
			buildActionMask = 2147483647;
			files = (
				6A1E549D2F842CC200D18AF4 /* DittoProducts.storekit in Resources */,
			);
			runOnlyForDeploymentPostprocessing = 0;
		};
		FA70EAA919F5A49D00960EE2 /* Resources */ = {
			isa = PBXResourcesBuildPhase;
			buildActionMask = 2147483647;
			files = (
				FA70EAB819F5A49D00960EE2 /* Images.xcassets in Resources */,
				CC000001AAAA00000000001A /* Localizable.xcstrings in Resources */,
				6A1E549A2F842CC200D18AF4 /* DittoProducts.storekit in Resources */,
			);
			runOnlyForDeploymentPostprocessing = 0;
		};
		FA70EAD219F5A56300960EE2 /* Resources */ = {
			isa = PBXResourcesBuildPhase;
			buildActionMask = 2147483647;
			files = (
				FAFD8AC81B685182000B2364 /* Ditto.xcdatamodeld in Resources */,
				6A1E549B2F842CC200D18AF4 /* DittoProducts.storekit in Resources */,
				FA70EAEA19F5C17700960EE2 /* Images.xcassets in Resources */,
				FA70EAE419F5A7BC00960EE2 /* KeyboardViewController.xib in Resources */,
			);
			runOnlyForDeploymentPostprocessing = 0;
		};
/* End PBXResourcesBuildPhase section */

/* Begin PBXSourcesBuildPhase section */
		CC000006AAAA000000000002 /* Sources */ = {
			isa = PBXSourcesBuildPhase;
			buildActionMask = 2147483647;
			files = (
				CC000002AAAA000000000001 /* DittoItemTests.swift in Sources */,
				CC000002AAAA000000000002 /* DittoCategoryTests.swift in Sources */,
				CC000002AAAA000000000003 /* DittoStoreTests.swift in Sources */,
				CC000002AAAA000000000004 /* PendingDittoStoreTests.swift in Sources */,
				CC000002AAAA000000000005 /* SubscriptionManagerTests.swift in Sources */,
				CC000002AAAA000000000006 /* CloudSyncManagerTests.swift in Sources */,
				CC000002AAAA000000000007 /* LegacyDataMigratorTests.swift in Sources */,
				CC000002AAAA000000000020 /* DittoCategoryExtendedTests.swift in Sources */,
				CC000002AAAA00000000001F /* DittoItemExtendedTests.swift in Sources */,
				CC000002AAAA00000000001E /* CloudSyncManagerExtendedTests.swift in Sources */,
				CC000002AAAA00000000001D /* SubscriptionManagerExtendedTests.swift in Sources */,
				CC000002AAAA00000000001C /* PendingDittoStoreExtendedTests.swift in Sources */,
				CC000002AAAA00000000001B /* DittoStoreEdgeCaseTests.swift in Sources */,
				CC000002AAAA00000000001A /* ThemeTests.swift in Sources */,
				CC000002AAAA000000000019 /* EditTargetTests.swift in Sources */,
				CC000002AAAA000000000018 /* DittoObjectTypeTests.swift in Sources */,
				CC000002AAAA000000000030 /* SyncConflictResolverTests.swift in Sources */,
			);
			runOnlyForDeploymentPostprocessing = 0;
		};
		DD000002AAAA000000000002 /* Sources */ = {
			isa = PBXSourcesBuildPhase;
			buildActionMask = 2147483647;
			files = (
				DD000001AAAA000000000003 /* DittoUITests.swift in Sources */,
			);
			runOnlyForDeploymentPostprocessing = 0;
		};
		FA70EAA719F5A49D00960EE2 /* Sources */ = {
			isa = PBXSourcesBuildPhase;
			buildActionMask = 2147483647;
			files = (
				FA70EAB319F5A49D00960EE2 /* DittoListView.swift in Sources */,
				FA237AB719F9CAB0007E67D5 /* Theme.swift in Sources */,
				FABFBD361B4A140F004BF2F9 /* DittoRowView.swift in Sources */,
				FAFD8ACD1B6856FA000B2364 /* DittoItem.swift in Sources */,
				FAD4545C1A1EC16900D825EC /* KeyboardAccessoryBar.swift in Sources */,
				FAFCAE7219F90BA6000F0318 /* DittoStore.swift in Sources */,
				E80587B21B8EFE060035B80B /* PendingDittoStore.swift in Sources */,
				FAAE729C1B47559200F3696E /* CategorySelectionField.swift in Sources */,
				E80587AF1B8865C80035B80B /* Profile.swift in Sources */,
				FAFCAE7419F98CF7000F0318 /* NewItemView.swift in Sources */,
				FA70EAB119F5A49D00960EE2 /* DittoApp.swift in Sources */,
				FA2ECD1119F8C207006B413E /* EditItemView.swift in Sources */,
				FABFBD321B49ECCD004BF2F9 /* CategoryHeaderView.swift in Sources */,
				FAAE729E1B47874B00F3696E /* DittoObjectType.swift in Sources */,
				FAFD8ACA1B6856FA000B2364 /* DittoCategory.swift in Sources */,
				CC000001AAAA000000000001 /* SubscriptionManager.swift in Sources */,
				CC000001AAAA000000000016 /* DittoImportExport.swift in Sources */,
				CC000001AAAA00000000001C /* SyncSettings.swift in Sources */,
				CC000001AAAA00000000001E /* SyncConflictResolver.swift in Sources */,
				CC000001AAAA000000000020 /* SyncSettingsView.swift in Sources */,
				CC000001AAAA000000000022 /* KeyboardSetupView.swift in Sources */,

				CC000001AAAA000000000002 /* CloudSyncManager.swift in Sources */,
				CC000001AAAA000000000003 /* SubscriptionView.swift in Sources */,
				CC000001AAAA000000000004 /* LegacyDataMigrator.swift in Sources */,
			);
			runOnlyForDeploymentPostprocessing = 0;
		};
		FA70EAD019F5A56300960EE2 /* Sources */ = {
			isa = PBXSourcesBuildPhase;
			buildActionMask = 2147483647;
			files = (
				E80587B01B8865C80035B80B /* Profile.swift in Sources */,
				FAFD8ACE1B6856FA000B2364 /* DittoItem.swift in Sources */,
				FAD4545E1A1ECF6400D825EC /* DarkKeyboardButton.swift in Sources */,
				FAD454621A1EE04800D825EC /* DelayedRepeatTimer.swift in Sources */,
				E84DB89F1B37BEEA004A75CC /* AddDittoFromClipboardViewController.swift in Sources */,
				E80587B31B8EFE060035B80B /* PendingDittoStore.swift in Sources */,
				FAD454601A1ED40500D825EC /* LightKeyboardButton.swift in Sources */,
				FA83FA951A01FFD80061192A /* DittoStore.swift in Sources */,
				FA70EAD919F5A56300960EE2 /* KeyboardViewController.swift in Sources */,
				FAFD8ACB1B6856FA000B2364 /* DittoCategory.swift in Sources */,
			);
			runOnlyForDeploymentPostprocessing = 0;
		};
/* End PBXSourcesBuildPhase section */

/* Begin PBXTargetDependency section */
		CC000006AAAA000000000005 /* PBXTargetDependency */ = {
			isa = PBXTargetDependency;
			target = FA70EAAA19F5A49D00960EE2 /* Ditto */;
			targetProxy = CC000003AAAA000000000001 /* PBXContainerItemProxy */;
		};
		DD000002AAAA000000000005 /* PBXTargetDependency */ = {
			isa = PBXTargetDependency;
			target = FA70EAAA19F5A49D00960EE2 /* Ditto */;
			targetProxy = DD000002AAAA000000000006 /* PBXContainerItemProxy */;
		};
		FAC467A71A01D387006B8088 /* PBXTargetDependency */ = {
			isa = PBXTargetDependency;
			target = FA70EAD319F5A56300960EE2 /* DittoKeyboard */;
			targetProxy = FAC467A61A01D387006B8088 /* PBXContainerItemProxy */;
		};
/* End PBXTargetDependency section */

/* Begin XCBuildConfiguration section */
		CC000007AAAA000000000002 /* Debug */ = {
			isa = XCBuildConfiguration;
			buildSettings = {
				BUNDLE_LOADER = "$(TEST_HOST)";
				GENERATE_INFOPLIST_FILE = YES;
				IPHONEOS_DEPLOYMENT_TARGET = 17.0;
				LD_RUNPATH_SEARCH_PATHS = "$(inherited) @executable_path/Frameworks @loader_path/Frameworks";
				PRODUCT_BUNDLE_IDENTIFIER = io.kern.DittoTests;
				PRODUCT_NAME = "$(TARGET_NAME)";
				SWIFT_VERSION = 5.0;
				TEST_HOST = "$(BUILT_PRODUCTS_DIR)/Ditto.app/$(BUNDLE_EXECUTABLE_FOLDER_PATH)/Ditto";
			};
			name = Debug;
		};
		CC000007AAAA000000000003 /* Release */ = {
			isa = XCBuildConfiguration;
			buildSettings = {
				BUNDLE_LOADER = "$(TEST_HOST)";
				GENERATE_INFOPLIST_FILE = YES;
				IPHONEOS_DEPLOYMENT_TARGET = 17.0;
				LD_RUNPATH_SEARCH_PATHS = "$(inherited) @executable_path/Frameworks @loader_path/Frameworks";
				PRODUCT_BUNDLE_IDENTIFIER = io.kern.DittoTests;
				PRODUCT_NAME = "$(TARGET_NAME)";
				SWIFT_VERSION = 5.0;
				TEST_HOST = "$(BUILT_PRODUCTS_DIR)/Ditto.app/$(BUNDLE_EXECUTABLE_FOLDER_PATH)/Ditto";
			};
			name = Release;
		};
		DD000003AAAA000000000002 /* Debug */ = {
			isa = XCBuildConfiguration;
			buildSettings = {
				GENERATE_INFOPLIST_FILE = YES;
				IPHONEOS_DEPLOYMENT_TARGET = 17.0;
				LD_RUNPATH_SEARCH_PATHS = "$(inherited) @executable_path/Frameworks @loader_path/Frameworks";
				PRODUCT_BUNDLE_IDENTIFIER = io.kern.DittoUITests;
				PRODUCT_NAME = "$(TARGET_NAME)";
				SWIFT_VERSION = 5.0;
				TEST_TARGET_NAME = Ditto;
			};
			name = Debug;
		};
		DD000003AAAA000000000003 /* Release */ = {
			isa = XCBuildConfiguration;
			buildSettings = {
				GENERATE_INFOPLIST_FILE = YES;
				IPHONEOS_DEPLOYMENT_TARGET = 17.0;
				LD_RUNPATH_SEARCH_PATHS = "$(inherited) @executable_path/Frameworks @loader_path/Frameworks";
				PRODUCT_BUNDLE_IDENTIFIER = io.kern.DittoUITests;
				PRODUCT_NAME = "$(TARGET_NAME)";
				SWIFT_VERSION = 5.0;
				TEST_TARGET_NAME = Ditto;
			};
			name = Release;
		};
		FA70EAC819F5A49D00960EE2 /* Debug */ = {
			isa = XCBuildConfiguration;
			buildSettings = {
				CLANG_ENABLE_MODULES = YES;
				CLANG_WARN_BOOL_CONVERSION = YES;
				CLANG_WARN_CONSTANT_CONVERSION = YES;
				CLANG_WARN_EMPTY_BODY = YES;
				CLANG_WARN_ENUM_CONVERSION = YES;
				CLANG_WARN_INT_CONVERSION = YES;
				CLANG_WARN_UNREACHABLE_CODE = YES;
				COPY_PHASE_STRIP = NO;
				ENABLE_TESTABILITY = YES;
				GCC_DYNAMIC_NO_PIC = NO;
				GCC_OPTIMIZATION_LEVEL = 0;
				GCC_PREPROCESSOR_DEFINITIONS = (
					"DEBUG=1",
					"$(inherited)",
				);
				GCC_WARN_64_TO_32_BIT_CONVERSION = YES;
				GCC_WARN_ABOUT_RETURN_TYPE = YES_ERROR;
				GCC_WARN_UNDECLARED_SELECTOR = YES;
				GCC_WARN_UNINITIALIZED_AUTOS = YES_AGGRESSIVE;
				GCC_WARN_UNUSED_FUNCTION = YES;
				GCC_WARN_UNUSED_VARIABLE = YES;
				IPHONEOS_DEPLOYMENT_TARGET = 17.0;
				MTL_ENABLE_DEBUG_INFO = YES;
				ONLY_ACTIVE_ARCH = YES;
				SDKROOT = iphoneos;
				SWIFT_OPTIMIZATION_LEVEL = "-Onone";
				SWIFT_VERSION = 5.0;
			};
			name = Debug;
		};
		FA70EAC919F5A49D00960EE2 /* Release */ = {
			isa = XCBuildConfiguration;
			buildSettings = {
				CLANG_ENABLE_MODULES = YES;
				CLANG_WARN_BOOL_CONVERSION = YES;
				CLANG_WARN_CONSTANT_CONVERSION = YES;
				CLANG_WARN_EMPTY_BODY = YES;
				CLANG_WARN_ENUM_CONVERSION = YES;
				CLANG_WARN_INT_CONVERSION = YES;
				CLANG_WARN_UNREACHABLE_CODE = YES;
				COPY_PHASE_STRIP = YES;
				ENABLE_NS_ASSERTIONS = NO;
				GCC_WARN_64_TO_32_BIT_CONVERSION = YES;
				GCC_WARN_ABOUT_RETURN_TYPE = YES_ERROR;
				GCC_WARN_UNDECLARED_SELECTOR = YES;
				GCC_WARN_UNINITIALIZED_AUTOS = YES_AGGRESSIVE;
				GCC_WARN_UNUSED_FUNCTION = YES;
				GCC_WARN_UNUSED_VARIABLE = YES;
				IPHONEOS_DEPLOYMENT_TARGET = 17.0;
				MTL_ENABLE_DEBUG_INFO = NO;
				SDKROOT = iphoneos;
				SWIFT_VERSION = 5.0;
				VALIDATE_PRODUCT = YES;
			};
			name = Release;
		};
		FA70EACB19F5A49D00960EE2 /* Debug */ = {
			isa = XCBuildConfiguration;
			buildSettings = {
				ASSETCATALOG_COMPILER_APPICON_NAME = AppIcon;
				CODE_SIGN_ENTITLEMENTS = Ditto/Ditto.entitlements;
				INFOPLIST_FILE = Ditto/Info.plist;
				LD_RUNPATH_SEARCH_PATHS = "$(inherited) @executable_path/Frameworks";
				PRODUCT_NAME = Ditto;
				PROVISIONING_PROFILE = "";
			};
			name = Debug;
		};
		FA70EACC19F5A49D00960EE2 /* Release */ = {
			isa = XCBuildConfiguration;
			buildSettings = {
				ASSETCATALOG_COMPILER_APPICON_NAME = AppIcon;
				CODE_SIGN_ENTITLEMENTS = Ditto/Ditto.entitlements;
				INFOPLIST_FILE = Ditto/Info.plist;
				LD_RUNPATH_SEARCH_PATHS = "$(inherited) @executable_path/Frameworks";
				PRODUCT_NAME = Ditto;
				PROVISIONING_PROFILE = "";
			};
			name = Release;
		};
		FA70EAE019F5A56300960EE2 /* Debug */ = {
			isa = XCBuildConfiguration;
			buildSettings = {
				CODE_SIGN_ENTITLEMENTS = DittoKeyboard/DittoKeyboard.entitlements;
				GCC_PREPROCESSOR_DEFINITIONS = (
					"DEBUG=1",
					"$(inherited)",
				);
				INFOPLIST_FILE = DittoKeyboard/Info.plist;
				LD_RUNPATH_SEARCH_PATHS = "$(inherited) @executable_path/Frameworks @executable_path/../../Frameworks";
				PRODUCT_NAME = DittoKeyboard;
				PROVISIONING_PROFILE = "";
				SKIP_INSTALL = YES;
			};
			name = Debug;
		};
		FA70EAE119F5A56300960EE2 /* Release */ = {
			isa = XCBuildConfiguration;
			buildSettings = {
				CODE_SIGN_ENTITLEMENTS = DittoKeyboard/DittoKeyboard.entitlements;
				INFOPLIST_FILE = DittoKeyboard/Info.plist;
				LD_RUNPATH_SEARCH_PATHS = "$(inherited) @executable_path/Frameworks @executable_path/../../Frameworks";
				PRODUCT_NAME = DittoKeyboard;
				PROVISIONING_PROFILE = "";
				SKIP_INSTALL = YES;
			};
			name = Release;
		};
/* End XCBuildConfiguration section */

/* Begin XCConfigurationList section */
		CC000007AAAA000000000001 /* Build configuration list for PBXNativeTarget "DittoTests" */ = {
			isa = XCConfigurationList;
			buildConfigurations = (
				CC000007AAAA000000000002 /* Debug */,
				CC000007AAAA000000000003 /* Release */,
			);
			defaultConfigurationIsVisible = 0;
			defaultConfigurationName = Release;
		};
		DD000003AAAA000000000001 /* Build configuration list for PBXNativeTarget "DittoUITests" */ = {
			isa = XCConfigurationList;
			buildConfigurations = (
				DD000003AAAA000000000002 /* Debug */,
				DD000003AAAA000000000003 /* Release */,
			);
			defaultConfigurationIsVisible = 0;
			defaultConfigurationName = Release;
		};
		FA70EAA619F5A49D00960EE2 /* Build configuration list for PBXProject "Ditto" */ = {
			isa = XCConfigurationList;
			buildConfigurations = (
				FA70EAC819F5A49D00960EE2 /* Debug */,
				FA70EAC919F5A49D00960EE2 /* Release */,
			);
			defaultConfigurationIsVisible = 0;
			defaultConfigurationName = Release;
		};
		FA70EACA19F5A49D00960EE2 /* Build configuration list for PBXNativeTarget "Ditto" */ = {
			isa = XCConfigurationList;
			buildConfigurations = (
				FA70EACB19F5A49D00960EE2 /* Debug */,
				FA70EACC19F5A49D00960EE2 /* Release */,
			);
			defaultConfigurationIsVisible = 0;
			defaultConfigurationName = Release;
		};
		FA70EADF19F5A56300960EE2 /* Build configuration list for PBXNativeTarget "DittoKeyboard" */ = {
			isa = XCConfigurationList;
			buildConfigurations = (
				FA70EAE019F5A56300960EE2 /* Debug */,
				FA70EAE119F5A56300960EE2 /* Release */,
			);
			defaultConfigurationIsVisible = 0;
			defaultConfigurationName = Release;
		};
/* End XCConfigurationList section */

/* Begin XCVersionGroup section */
		E82B6DFE1B5E120C00FDCE3A /* Ditto.xcdatamodeld */ = {
			isa = XCVersionGroup;
			children = (
				E82B6DFF1B5E120C00FDCE3A /* Ditto.xcdatamodel */,
			);
			currentVersion = E82B6DFF1B5E120C00FDCE3A /* Ditto.xcdatamodel */;
			name = Ditto.xcdatamodeld;
			path = Ditto/Ditto.xcdatamodeld;
			sourceTree = "<group>";
			versionGroupType = wrapper.xcdatamodel;
		};
/* End XCVersionGroup section */
	};
	rootObject = FA70EAA319F5A49D00960EE2 /* Project object */;
}
